
Microsoft Visual Studio Solution File, Format Version 12.00
# Visual Studio 15
VisualStudioVersion = 15.0.27703.2035
MinimumVisualStudioVersion = 10.0.40219.1
Project("{FAE04EC0-301F-11D3-BF4B-00C04F79EFBC}") = "TaskKiller", "TaskKiller\TaskKiller.csproj", "{AC88568F-0446-4124-9341-899FA7211B76}"
EndProject
Global
	GlobalSection(SolutionConfigurationPlatforms) = preSolution
		Debug|Any CPU = Debug|Any CPU
		Release|Any CPU = Release|Any CPU
	EndGlobalSection
	GlobalSection(ProjectConfigurationPlatforms) = postSolution
		{AC88568F-0446-4124-9341-899FA7211B76}.Debug|Any CPU.ActiveCfg = Debug|Any CPU
		{AC88568F-0446-4124-9341-899FA7211B76}.Debug|Any CPU.Build.0 = Debug|Any CPU
		{AC88568F-0446-4124-9341-899FA7211B76}.Release|Any CPU.ActiveCfg = Release|Any CPU
		{AC88568F-0446-4124-9341-899FA7211B76}.Release|Any CPU.Build.0 = Release|Any CPU
	EndGlobalSection
	GlobalSection(SolutionProperties) = preSolution
		HideSolutionNode = FALSE
	EndGlobalSection
	GlobalSection(ExtensibilityGlobals) = postSolution
		SolutionGuid = {3D8A7E96-323C-42D1-B43D-463EA986B1A2}
	EndGlobalSection
EndGlobal
